// !$*UTF8*$!
{
	archiveVersion = 1;
	classes = {
	};
	objectVersion = 56;
	objects = {

/* Begin PBXBuildFile section */
		ECAD81C12983B57900BE3103 /* AppDelegate.swift in Sources */ = {isa = PBXBuildFile; fileRef = ECAD81C02983B57900BE3103 /* AppDelegate.swift */; };
		ECAD81C32983B57900BE3103 /* SceneDelegate.swift in Sources */ = {isa = PBXBuildFile; fileRef = ECAD81C22983B57900BE3103 /* SceneDelegate.swift */; };
		ECAD81C82983B57900BE3103 /* Main.storyboard in Resources */ = {isa = PBXBuildFile; fileRef = ECAD81C62983B57900BE3103 /* Main.storyboard */; };
		ECAD81CA2983B57B00BE3103 /* Assets.xcassets in Resources */ = {isa = PBXBuildFile; fileRef = ECAD81C92983B57B00BE3103 /* Assets.xcassets */; };
		ECAD81CD2983B57B00BE3103 /* LaunchScreen.storyboard in Resources */ = {isa = PBXBuildFile; fileRef = ECAD81CB2983B57B00BE3103 /* LaunchScreen.storyboard */; };
		ECAD81D82983B57B00BE3103 /* SimpleWeatherTests.swift in Sources */ = {isa = PBXBuildFile; fileRef = ECAD81D72983B57B00BE3103 /* SimpleWeatherTests.swift */; };
		ECAD81E22983B57B00BE3103 /* SimpleWeatherUITests.swift in Sources */ = {isa = PBXBuildFile; fileRef = ECAD81E12983B57B00BE3103 /* SimpleWeatherUITests.swift */; };
		ECAD81E42983B57B00BE3103 /* SimpleWeatherUITestsLaunchTests.swift in Sources */ = {isa = PBXBuildFile; fileRef = ECAD81E32983B57B00BE3103 /* SimpleWeatherUITestsLaunchTests.swift */; };
		ECAD81F12983B5C600BE3103 /* WeatherViewController.swift in Sources */ = {isa = PBXBuildFile; fileRef = ECAD81F02983B5C600BE3103 /* WeatherViewController.swift */; };
/* End PBXBuildFile section */

/* Begin PBXContainerItemProxy section */
		ECAD81D42983B57B00BE3103 /* PBXContainerItemProxy */ = {
			isa = PBXContainerItemProxy;
			containerPortal = ECAD81B52983B57900BE3103 /* Project object */;
			proxyType = 1;
			remoteGlobalIDString = ECAD81BC2983B57900BE3103;
			remoteInfo = SimpleWeather;
		};
		ECAD81DE2983B57B00BE3103 /* PBXContainerItemProxy */ = {
			isa = PBXContainerItemProxy;
			containerPortal = ECAD81B52983B57900BE3103 /* Project object */;
			proxyType = 1;
			remoteGlobalIDString = ECAD81BC2983B57900BE3103;
			remoteInfo = SimpleWeather;
		};
/* End PBXContainerItemProxy section */

/* Begin PBXFileReference section */
		ECAD81BD2983B57900BE3103 /* SimpleWeather.app */ = {isa = PBXFileReference; explicitFileType = wrapper.application; includeInIndex = 0; path = SimpleWeather.app; sourceTree = BUILT_PRODUCTS_DIR; };
		ECAD81C02983B57900BE3103 /* AppDelegate.swift */ = {isa = PBXFileReference; lastKnownFileType = sourcecode.swift; path = AppDelegate.swift; sourceTree = "<group>"; };
		ECAD81C22983B57900BE3103 /* SceneDelegate.swift */ = {isa = PBXFileReference; lastKnownFileType = sourcecode.swift; path = SceneDelegate.swift; sourceTree = "<group>"; };
		ECAD81C72983B57900BE3103 /* Base */ = {isa = PBXFileReference; lastKnownFileType = file.storyboard; name = Base; path = Base.lproj/Main.storyboard; sourceTree = "<group>"; };
		ECAD81C92983B57B00BE3103 /* Assets.xcassets */ = {isa = PBXFileReference; lastKnownFileType = folder.assetcatalog; path = Assets.xcassets; sourceTree = "<group>"; };
		ECAD81CC2983B57B00BE3103 /* Base */ = {isa = PBXFileReference; lastKnownFileType = file.storyboard; name = Base; path = Base.lproj/LaunchScreen.storyboard; sourceTree = "<group>"; };
		ECAD81CE2983B57B00BE3103 /* Info.plist */ = {isa = PBXFileReference; lastKnownFileType = text.plist.xml; path = Info.plist; sourceTree = "<group>"; };
		ECAD81D32983B57B00BE3103 /* SimpleWeatherTests.xctest */ = {isa = PBXFileReference; explicitFileType = wrapper.cfbundle; includeInIndex = 0; path = SimpleWeatherTests.xctest; sourceTree = BUILT_PRODUCTS_DIR; };
		ECAD81D72983B57B00BE3103 /* SimpleWeatherTests.swift */ = {isa = PBXFileReference; lastKnownFileType = sourcecode.swift; path = SimpleWeatherTests.swift; sourceTree = "<group>"; };
		ECAD81DD2983B57B00BE3103 /* SimpleWeatherUITests.xctest */ = {isa = PBXFileReference; explicitFileType = wrapper.cfbundle; includeInIndex = 0; path = SimpleWeatherUITests.xctest; sourceTree = BUILT_PRODUCTS_DIR; };
		ECAD81E12983B57B00BE3103 /* SimpleWeatherUITests.swift */ = {isa = PBXFileReference; lastKnownFileType = sourcecode.swift; path = SimpleWeatherUITests.swift; sourceTree = "<group>"; };
		ECAD81E32983B57B00BE3103 /* SimpleWeatherUITestsLaunchTests.swift */ = {isa = PBXFileReference; lastKnownFileType = sourcecode.swift; path = SimpleWeatherUITestsLaunchTests.swift; sourceTree = "<group>"; };
		ECAD81F02983B5C600BE3103 /* WeatherViewController.swift */ = {isa = PBXFileReference; lastKnownFileType = sourcecode.swift; path = WeatherViewController.swift; sourceTree = "<group>"; };
/* End PBXFileReference section */

/* Begin PBXFrameworksBuildPhase section */
		ECAD81BA2983B57900BE3103 /* Frameworks */ = {
			isa = PBXFrameworksBuildPhase;
			buildActionMask = 2147483647;
			files = (
			);
			runOnlyForDeploymentPostprocessing = 0;
		};
		ECAD81D02983B57B00BE3103 /* Frameworks */ = {
			isa = PBXFrameworksBuildPhase;
			buildActionMask = 2147483647;
			files = (
			);
			runOnlyForDeploymentPostprocessing = 0;
		};
		ECAD81DA2983B57B00BE3103 /* Frameworks */ = {
			isa = PBXFrameworksBuildPhase;
			buildActionMask = 2147483647;
			files = (
			);
			runOnlyForDeploymentPostprocessing = 0;
		};
/* End PBXFrameworksBuildPhase section */

/* Begin PBXGroup section */
		ECAD81B42983B57900BE3103 = {
			isa = PBXGroup;
			children = (
				ECAD81BF2983B57900BE3103 /* SimpleWeather */,
				ECAD81D62983B57B00BE3103 /* SimpleWeatherTests */,
				ECAD81E02983B57B00BE3103 /* SimpleWeatherUITests */,
				ECAD81BE2983B57900BE3103 /* Products */,
			);
			sourceTree = "<group>";
			usesTabs = 0;
		};
		ECAD81BE2983B57900BE3103 /* Products */ = {
			isa = PBXGroup;
			children = (
				ECAD81BD2983B57900BE3103 /* SimpleWeather.app */,
				ECAD81D32983B57B00BE3103 /* SimpleWeatherTests.xctest */,
				ECAD81DD2983B57B00BE3103 /* SimpleWeatherUITests.xctest */,
			);
			name = Products;
			sourceTree = "<group>";
		};
		ECAD81BF2983B57900BE3103 /* SimpleWeather */ = {
			isa = PBXGroup;
			children = (
				ECAD81C02983B57900BE3103 /* AppDelegate.swift */,
				ECAD81C22983B57900BE3103 /* SceneDelegate.swift */,
				ECAD81C62983B57900BE3103 /* Main.storyboard */,
				ECAD81F02983B5C600BE3103 /* WeatherViewController.swift */,
				ECAD81C92983B57B00BE3103 /* Assets.xcassets */,
				ECAD81CB2983B57B00BE3103 /* LaunchScreen.storyboard */,
				ECAD81CE2983B57B00BE3103 /* Info.plist */,
			);
			path = SimpleWeather;
			sourceTree = "<group>";
		};
		ECAD81D62983B57B00BE3103 /* SimpleWeatherTests */ = {
			isa = PBXGroup;
			children = (
				ECAD81D72983B57B00BE3103 /* SimpleWeatherTests.swift */,
			);
			path = SimpleWeatherTests;
			sourceTree = "<group>";
		};
		ECAD81E02983B57B00BE3103 /* SimpleWeatherUITests */ = {
			isa = PBXGroup;
			children = (
				ECAD81E12983B57B00BE3103 /* SimpleWeatherUITests.swift */,
				ECAD81E32983B57B00BE3103 /* SimpleWeatherUITestsLaunchTests.swift */,
			);
			path = SimpleWeatherUITests;
			sourceTree = "<group>";
		};
/* End PBXGroup section */

/* Begin PBXNativeTarget section */
		ECAD81BC2983B57900BE3103 /* SimpleWeather */ = {
			isa = PBXNativeTarget;
			buildConfigurationList = ECAD81E72983B57B00BE3103 /* Build configuration list for PBXNativeTarget "SimpleWeather" */;
			buildPhases = (
				ECAD81B92983B57900BE3103 /* Sources */,
				ECAD81BA2983B57900BE3103 /* Frameworks */,
				ECAD81BB2983B57900BE3103 /* Resources */,
			);
			buildRules = (
			);
			dependencies = (
			);
			name = SimpleWeather;
			productName = SimpleWeather;
			productReference = ECAD81BD2983B57900BE3103 /* SimpleWeather.app */;
			productType = "com.apple.product-type.application";
		};
		ECAD81D22983B57B00BE3103 /* SimpleWeatherTests */ = {
			isa = PBXNativeTarget;
			buildConfigurationList = ECAD81EA2983B57B00BE3103 /* Build configuration list for PBXNativeTarget "SimpleWeatherTests" */;
			buildPhases = (
				ECAD81CF2983B57B00BE3103 /* Sources */,
				ECAD81D02983B57B00BE3103 /* Frameworks */,
				ECAD81D12983B57B00BE3103 /* Resources */,
			);
			buildRules = (
			);
			dependencies = (
				ECAD81D52983B57B00BE3103 /* PBXTargetDependency */,
			);
			name = SimpleWeatherTests;
			productName = SimpleWeatherTests;
			productReference = ECAD81D32983B57B00BE3103 /* SimpleWeatherTests.xctest */;
			productType = "com.apple.product-type.bundle.unit-test";
		};
		ECAD81DC2983B57B00BE3103 /* SimpleWeatherUITests */ = {
			isa = PBXNativeTarget;
			buildConfigurationList = ECAD81ED2983B57B00BE3103 /* Build configuration list for PBXNativeTarget "SimpleWeatherUITests" */;
			buildPhases = (
				ECAD81D92983B57B00BE3103 /* Sources */,
				ECAD81DA2983B57B00BE3103 /* Frameworks */,
				ECAD81DB2983B57B00BE3103 /* Resources */,
			);
			buildRules = (
			);
			dependencies = (
				ECAD81DF2983B57B00BE3103 /* PBXTargetDependency */,
			);
			name = SimpleWeatherUITests;
			productName = SimpleWeatherUITests;
			productReference = ECAD81DD2983B57B00BE3103 /* SimpleWeatherUITests.xctest */;
			productType = "com.apple.product-type.bundle.ui-testing";
		};
/* End PBXNativeTarget section */

/* Begin PBXProject section */
		ECAD81B52983B57900BE3103 /* Project object */ = {
			isa = PBXProject;
			attributes = {
				BuildIndependentTargetsInParallel = 1;
				LastSwiftUpdateCheck = 1420;
				LastUpgradeCheck = 1420;
				TargetAttributes = {
					ECAD81BC2983B57900BE3103 = {
						CreatedOnToolsVersion = 14.2;
					};
					ECAD81D22983B57B00BE3103 = {
						CreatedOnToolsVersion = 14.2;
						TestTargetID = ECAD81BC2983B57900BE3103;
					};
					ECAD81DC2983B57B00BE3103 = {
						CreatedOnToolsVersion = 14.2;
						TestTargetID = ECAD81BC2983B57900BE3103;
					};
				};
			};
			buildConfigurationList = ECAD81B82983B57900BE3103 /* Build configuration list for PBXProject "SimpleWeather" */;
			compatibilityVersion = "Xcode 14.0";
			developmentRegion = en;
			hasScannedForEncodings = 0;
			knownRegions = (
				en,
				Base,
			);
			mainGroup = ECAD81B42983B57900BE3103;
			productRefGroup = ECAD81BE2983B57900BE3103 /* Products */;
			projectDirPath = "";
			projectRoot = "";
			targets = (
				ECAD81BC2983B57900BE3103 /* SimpleWeather */,
				ECAD81D22983B57B00BE3103 /* SimpleWeatherTests */,
				ECAD81DC2983B57B00BE3103 /* SimpleWeatherUITests */,
			);
		};
/* End PBXProject section */

/* Begin PBXResourcesBuildPhase section */
		ECAD81BB2983B57900BE3103 /* Resources */ = {
			isa = PBXResourcesBuildPhase;
			buildActionMask = 2147483647;
			files = (
				ECAD81CD2983B57B00BE3103 /* LaunchScreen.storyboard in Resources */,
				ECAD81CA2983B57B00BE3103 /* Assets.xcassets in Resources */,
				ECAD81C82983B57900BE3103 /* Main.storyboard in Resources */,
			);
			runOnlyForDeploymentPostprocessing = 0;
		};
		ECAD81D12983B57B00BE3103 /* Resources */ = {
			isa = PBXResourcesBuildPhase;
			buildActionMask = 2147483647;
			files = (
			);
			runOnlyForDeploymentPostprocessing = 0;
		};
		ECAD81DB2983B57B00BE3103 /* Resources */ = {
			isa = PBXResourcesBuildPhase;
			buildActionMask = 2147483647;
			files = (
			);
			runOnlyForDeploymentPostprocessing = 0;
		};
/* End PBXResourcesBuildPhase section */

/* Begin PBXSourcesBuildPhase section */
		ECAD81B92983B57900BE3103 /* Sources */ = {
			isa = PBXSourcesBuildPhase;
			buildActionMask = 2147483647;
			files = (
				ECAD81C12983B57900BE3103 /* AppDelegate.swift in Sources */,
				ECAD81F12983B5C600BE3103 /* WeatherViewController.swift in Sources */,
				ECAD81C32983B57900BE3103 /* SceneDelegate.swift in Sources */,
			);
			runOnlyForDeploymentPostprocessing = 0;
		};
		ECAD81CF2983B57B00BE3103 /* Sources */ = {
			isa = PBXSourcesBuildPhase;
			buildActionMask = 2147483647;
			files = (
				ECAD81D82983B57B00BE3103 /* SimpleWeatherTests.swift in Sources */,
			);
			runOnlyForDeploymentPostprocessing = 0;
		};
		ECAD81D92983B57B00BE3103 /* Sources */ = {
			isa = PBXSourcesBuildPhase;
			buildActionMask = 2147483647;
			files = (
				ECAD81E22983B57B00BE3103 /* SimpleWeatherUITests.swift in Sources */,
				ECAD81E42983B57B00BE3103 /* SimpleWeatherUITestsLaunchTests.swift in Sources */,
			);
			runOnlyForDeploymentPostprocessing = 0;
		};
/* End PBXSourcesBuildPhase section */

/* Begin PBXTargetDependency section */
		ECAD81D52983B57B00BE3103 /* PBXTargetDependency */ = {
			isa = PBXTargetDependency;
			target = ECAD81BC2983B57900BE3103 /* SimpleWeather */;
			targetProxy = ECAD81D42983B57B00BE3103 /* PBXContainerItemProxy */;
		};
		ECAD81DF2983B57B00BE3103 /* PBXTargetDependency */ = {
			isa = PBXTargetDependency;
			target = ECAD81BC2983B57900BE3103 /* SimpleWeather */;
			targetProxy = ECAD81DE2983B57B00BE3103 /* PBXContainerItemProxy */;
		};
/* End PBXTargetDependency section */

/* Begin PBXVariantGroup section */
		ECAD81C62983B57900BE3103 /* Main.storyboard */ = {
			isa = PBXVariantGroup;
			children = (
				ECAD81C72983B57900BE3103 /* Base */,
			);
			name = Main.storyboard;
			sourceTree = "<group>";
		};
		ECAD81CB2983B57B00BE3103 /* LaunchScreen.storyboard */ = {
			isa = PBXVariantGroup;
			children = (
				ECAD81CC2983B57B00BE3103 /* Base */,
			);
			name = LaunchScreen.storyboard;
			sourceTree = "<group>";
		};
/* End PBXVariantGroup section */

/* Begin XCBuildConfiguration section */
		ECAD81E52983B57B00BE3103 /* Debug */ = {
			isa = XCBuildConfiguration;
			buildSettings = {
				ALWAYS_SEARCH_USER_PATHS = NO;
				CLANG_ANALYZER_NONNULL = YES;
				CLANG_ANALYZER_NUMBER_OBJECT_CONVERSION = YES_AGGRESSIVE;
				CLANG_CXX_LANGUAGE_STANDARD = "gnu++20";
				CLANG_ENABLE_MODULES = YES;
				CLANG_ENABLE_OBJC_ARC = YES;
				CLANG_ENABLE_OBJC_WEAK = YES;
				CLANG_WARN_BLOCK_CAPTURE_AUTORELEASING = YES;
				CLANG_WARN_BOOL_CONVERSION = YES;
				CLANG_WARN_COMMA = YES;
				CLANG_WARN_CONSTANT_CONVERSION = YES;
				CLANG_WARN_DEPRECATED_OBJC_IMPLEMENTATIONS = YES;
				CLANG_WARN_DIRECT_OBJC_ISA_USAGE = YES_ERROR;
				CLANG_WARN_DOCUMENTATION_COMMENTS = YES;
				CLANG_WARN_EMPTY_BODY = YES;
				CLANG_WARN_ENUM_CONVERSION = YES;
				CLANG_WARN_INFINITE_RECURSION = YES;
				CLANG_WARN_INT_CONVERSION = YES;
				CLANG_WARN_NON_LITERAL_NULL_CONVERSION = YES;
				CLANG_WARN_OBJC_IMPLICIT_RETAIN_SELF = YES;
				CLANG_WARN_OBJC_LITERAL_CONVERSION = YES;
				CLANG_WARN_OBJC_ROOT_CLASS = YES_ERROR;
				CLANG_WARN_QUOTED_INCLUDE_IN_FRAMEWORK_HEADER = YES;
				CLANG_WARN_RANGE_LOOP_ANALYSIS = YES;
				CLANG_WARN_STRICT_PROTOTYPES = YES;
				CLANG_WARN_SUSPICIOUS_MOVE = YES;
				CLANG_WARN_UNGUARDED_AVAILABILITY = YES_AGGRESSIVE;
				CLANG_WARN_UNREACHABLE_CODE = YES;
				CLANG_WARN__DUPLICATE_METHOD_MATCH = YES;
				COPY_PHASE_STRIP = NO;
				DEBUG_INFORMATION_FORMAT = dwarf;
				ENABLE_STRICT_OBJC_MSGSEND = YES;
				ENABLE_TESTABILITY = YES;
				GCC_C_LANGUAGE_STANDARD = gnu11;
				GCC_DYNAMIC_NO_PIC = NO;
				GCC_NO_COMMON_BLOCKS = YES;
				GCC_OPTIMIZATION_LEVEL = 0;
				GCC_PREPROCESSOR_DEFINITIONS = (
					"DEBUG=1",
					"$(inherited)",
				);
				GCC_WARN_64_TO_32_BIT_CONVERSION = YES;
				GCC_WARN_ABOUT_RETURN_TYPE = YES_ERROR;
				GCC_WARN_UNDECLARED_SELECTOR = YES;
				GCC_WARN_UNINITIALIZED_AUTOS = YES_AGGRESSIVE;
				GCC_WARN_UNUSED_FUNCTION = YES;
				GCC_WARN_UNUSED_VARIABLE = YES;
				IPHONEOS_DEPLOYMENT_TARGET = 16.2;
				MTL_ENABLE_DEBUG_INFO = INCLUDE_SOURCE;
				MTL_FAST_MATH = YES;
				ONLY_ACTIVE_ARCH = YES;
				SDKROOT = iphoneos;
				SWIFT_ACTIVE_COMPILATION_CONDITIONS = DEBUG;
				SWIFT_OPTIMIZATION_LEVEL = "-Onone";
			};
			name = Debug;
		};
		ECAD81E62983B57B00BE3103 /* Release */ = {
			isa = XCBuildConfiguration;
			buildSettings = {
				ALWAYS_SEARCH_USER_PATHS = NO;
				CLANG_ANALYZER_NONNULL = YES;
				CLANG_ANALYZER_NUMBER_OBJECT_CONVERSION = YES_AGGRESSIVE;
				CLANG_CXX_LANGUAGE_STANDARD = "gnu++20";
				CLANG_ENABLE_MODULES = YES;
				CLANG_ENABLE_OBJC_ARC = YES;
				CLANG_ENABLE_OBJC_WEAK = YES;
				CLANG_WARN_BLOCK_CAPTURE_AUTORELEASING = YES;
				CLANG_WARN_BOOL_CONVERSION = YES;
				CLANG_WARN_COMMA = YES;
				CLANG_WARN_CONSTANT_CONVERSION = YES;
				CLANG_WARN_DEPRECATED_OBJC_IMPLEMENTATIONS = YES;
				CLANG_WARN_DIRECT_OBJC_ISA_USAGE = YES_ERROR;
				CLANG_WARN_DOCUMENTATION_COMMENTS = YES;
				CLANG_WARN_EMPTY_BODY = YES;
				CLANG_WARN_ENUM_CONVERSION = YES;
				CLANG_WARN_INFINITE_RECURSION = YES;
				CLANG_WARN_INT_CONVERSION = YES;
				CLANG_WARN_NON_LITERAL_NULL_CONVERSION = YES;
				CLANG_WARN_OBJC_IMPLICIT_RETAIN_SELF = YES;
				CLANG_WARN_OBJC_LITERAL_CONVERSION = YES;
				CLANG_WARN_OBJC_ROOT_CLASS = YES_ERROR;
				CLANG_WARN_QUOTED_INCLUDE_IN_FRAMEWORK_HEADER = YES;
				CLANG_WARN_RANGE_LOOP_ANALYSIS = YES;
				CLANG_WARN_STRICT_PROTOTYPES = YES;
				CLANG_WARN_SUSPICIOUS_MOVE = YES;
				CLANG_WARN_UNGUARDED_AVAILABILITY = YES_AGGRESSIVE;
				CLANG_WARN_UNREACHABLE_CODE = YES;
				CLANG_WARN__DUPLICATE_METHOD_MATCH = YES;
				COPY_PHASE_STRIP = NO;
				DEBUG_INFORMATION_FORMAT = "dwarf-with-dsym";
				ENABLE_NS_ASSERTIONS = NO;
				ENABLE_STRICT_OBJC_MSGSEND = YES;
				GCC_C_LANGUAGE_STANDARD = gnu11;
				GCC_NO_COMMON_BLOCKS = YES;
				GCC_WARN_64_TO_32_BIT_CONVERSION = YES;
				GCC_WARN_ABOUT_RETURN_TYPE = YES_ERROR;
				GCC_WARN_UNDECLARED_SELECTOR = YES;
				GCC_WARN_UNINITIALIZED_AUTOS = YES_AGGRESSIVE;
				GCC_WARN_UNUSED_FUNCTION = YES;
				GCC_WARN_UNUSED_VARIABLE = YES;
				IPHONEOS_DEPLOYMENT_TARGET = 16.2;
				MTL_ENABLE_DEBUG_INFO = NO;
				MTL_FAST_MATH = YES;
				SDKROOT = iphoneos;
				SWIFT_COMPILATION_MODE = wholemodule;
				SWIFT_OPTIMIZATION_LEVEL = "-O";
				VALIDATE_PRODUCT = YES;
			};
			name = Release;
		};
		ECAD81E82983B57B00BE3103 /* Debug */ = {
			isa = XCBuildConfiguration;
			buildSettings = {
				ASSETCATALOG_COMPILER_APPICON_NAME = AppIcon;
				ASSETCATALOG_COMPILER_GLOBAL_ACCENT_COLOR_NAME = AccentColor;
				CODE_SIGN_STYLE = Automatic;
				CURRENT_PROJECT_VERSION = 1;
				DEVELOPMENT_TEAM = D22ZM93S77;
				GENERATE_INFOPLIST_FILE = YES;
				INFOPLIST_FILE = SimpleWeather/Info.plist;
				INFOPLIST_KEY_UIApplicationSupportsIndirectInputEvents = YES;
				INFOPLIST_KEY_UILaunchStoryboardName = LaunchScreen;
				INFOPLIST_KEY_UIMainStoryboardFile = Main;
				INFOPLIST_KEY_UISupportedInterfaceOrientations_iPad = "UIInterfaceOrientationPortrait UIInterfaceOrientationPortraitUpsideDown UIInterfaceOrientationLandscapeLeft UIInterfaceOrientationLandscapeRight";
				INFOPLIST_KEY_UISupportedInterfaceOrientations_iPhone = "UIInterfaceOrientationPortrait UIInterfaceOrientationLandscapeLeft UIInterfaceOrientationLandscapeRight";
				LD_RUNPATH_SEARCH_PATHS = (
					"$(inherited)",
					"@executable_path/Frameworks",
				);
				MARKETING_VERSION = 1.0;
				PRODUCT_BUNDLE_IDENTIFIER = com.seungchan.SimpleWeather;
				PRODUCT_NAME = "$(TARGET_NAME)";
				SWIFT_EMIT_LOC_STRINGS = YES;
				SWIFT_VERSION = 5.0;
				TARGETED_DEVICE_FAMILY = "1,2";
			};
			name = Debug;
		};
		ECAD81E92983B57B00BE3103 /* Release */ = {
			isa = XCBuildConfiguration;
			buildSettings = {
				ASSETCATALOG_COMPILER_APPICON_NAME = AppIcon;
				ASSETCATALOG_COMPILER_GLOBAL_ACCENT_COLOR_NAME = AccentColor;
				CODE_SIGN_STYLE = Automatic;
				CURRENT_PROJECT_VERSION = 1;
				DEVELOPMENT_TEAM = D22ZM93S77;
				GENERATE_INFOPLIST_FILE = YES;
				INFOPLIST_FILE = SimpleWeather/Info.plist;
				INFOPLIST_KEY_UIApplicationSupportsIndirectInputEvents = YES;
				INFOPLIST_KEY_UILaunchStoryboardName = LaunchScreen;
				INFOPLIST_KEY_UIMainStoryboardFile = Main;
				INFOPLIST_KEY_UISupportedInterfaceOrientations_iPad = "UIInterfaceOrientationPortrait UIInterfaceOrientationPortraitUpsideDown UIInterfaceOrientationLandscapeLeft UIInterfaceOrientationLandscapeRight";
				INFOPLIST_KEY_UISupportedInterfaceOrientations_iPhone = "UIInterfaceOrientationPortrait UIInterfaceOrientationLandscapeLeft UIInterfaceOrientationLandscapeRight";
				LD_RUNPATH_SEARCH_PATHS = (
					"$(inherited)",
					"@executable_path/Frameworks",
				);
				MARKETING_VERSION = 1.0;
				PRODUCT_BUNDLE_IDENTIFIER = com.seungchan.SimpleWeather;
				PRODUCT_NAME = "$(TARGET_NAME)";
				SWIFT_EMIT_LOC_STRINGS = YES;
				SWIFT_VERSION = 5.0;
				TARGETED_DEVICE_FAMILY = "1,2";
			};
			name = Release;
		};
		ECAD81EB2983B57B00BE3103 /* Debug */ = {
			isa = XCBuildConfiguration;
			buildSettings = {
				ALWAYS_EMBED_SWIFT_STANDARD_LIBRARIES = YES;
				BUNDLE_LOADER = "$(TEST_HOST)";
				CODE_SIGN_STYLE = Automatic;
				CURRENT_PROJECT_VERSION = 1;
				DEVELOPMENT_TEAM = D22ZM93S77;
				GENERATE_INFOPLIST_FILE = YES;
				IPHONEOS_DEPLOYMENT_TARGET = 16.2;
				MARKETING_VERSION = 1.0;
				PRODUCT_BUNDLE_IDENTIFIER = com.seungchan.SimpleWeatherTests;
				PRODUCT_NAME = "$(TARGET_NAME)";
				SWIFT_EMIT_LOC_STRINGS = NO;
				SWIFT_VERSION = 5.0;
				TARGETED_DEVICE_FAMILY = "1,2";
				TEST_HOST = "$(BUILT_PRODUCTS_DIR)/SimpleWeather.app/$(BUNDLE_EXECUTABLE_FOLDER_PATH)/SimpleWeather";
			};
			name = Debug;
		};
		ECAD81EC2983B57B00BE3103 /* Release */ = {
			isa = XCBuildConfiguration;
			buildSettings = {
				ALWAYS_EMBED_SWIFT_STANDARD_LIBRARIES = YES;
				BUNDLE_LOADER = "$(TEST_HOST)";
				CODE_SIGN_STYLE = Automatic;
				CURRENT_PROJECT_VERSION = 1;
				DEVELOPMENT_TEAM = D22ZM93S77;
				GENERATE_INFOPLIST_FILE = YES;
				IPHONEOS_DEPLOYMENT_TARGET = 16.2;
				MARKETING_VERSION = 1.0;
				PRODUCT_BUNDLE_IDENTIFIER = com.seungchan.SimpleWeatherTests;
				PRODUCT_NAME = "$(TARGET_NAME)";
				SWIFT_EMIT_LOC_STRINGS = NO;
				SWIFT_VERSION = 5.0;
				TARGETED_DEVICE_FAMILY = "1,2";
				TEST_HOST = "$(BUILT_PRODUCTS_DIR)/SimpleWeather.app/$(BUNDLE_EXECUTABLE_FOLDER_PATH)/SimpleWeather";
			};
			name = Release;
		};
		ECAD81EE2983B57B00BE3103 /* Debug */ = {
			isa = XCBuildConfiguration;
			buildSettings = {
				ALWAYS_EMBED_SWIFT_STANDARD_LIBRARIES = YES;
				CODE_SIGN_STYLE = Automatic;
				CURRENT_PROJECT_VERSION = 1;
				DEVELOPMENT_TEAM = D22ZM93S77;
				GENERATE_INFOPLIST_FILE = YES;
				MARKETING_VERSION = 1.0;
				PRODUCT_BUNDLE_IDENTIFIER = com.seungchan.SimpleWeatherUITests;
				PRODUCT_NAME = "$(TARGET_NAME)";
				SWIFT_EMIT_LOC_STRINGS = NO;
				SWIFT_VERSION = 5.0;
				TARGETED_DEVICE_FAMILY = "1,2";
				TEST_TARGET_NAME = SimpleWeather;
			};
			name = Debug;
		};
		ECAD81EF2983B57B00BE3103 /* Release */ = {
			isa = XCBuildConfiguration;
			buildSettings = {
				ALWAYS_EMBED_SWIFT_STANDARD_LIBRARIES = YES;
				CODE_SIGN_STYLE = Automatic;
				CURRENT_PROJECT_VERSION = 1;
				DEVELOPMENT_TEAM = D22ZM93S77;
				GENERATE_INFOPLIST_FILE = YES;
				MARKETING_VERSION = 1.0;
				PRODUCT_BUNDLE_IDENTIFIER = com.seungchan.SimpleWeatherUITests;
				PRODUCT_NAME = "$(TARGET_NAME)";
				SWIFT_EMIT_LOC_STRINGS = NO;
				SWIFT_VERSION = 5.0;
				TARGETED_DEVICE_FAMILY = "1,2";
				TEST_TARGET_NAME = SimpleWeather;
			};
			name = Release;
		};
/* End XCBuildConfiguration section */

/* Begin XCConfigurationList section */
		ECAD81B82983B57900BE3103 /* Build configuration list for PBXProject "SimpleWeather" */ = {
			isa = XCConfigurationList;
			buildConfigurations = (
				ECAD81E52983B57B00BE3103 /* Debug */,
				ECAD81E62983B57B00BE3103 /* Release */,
			);
			defaultConfigurationIsVisible = 0;
			defaultConfigurationName = Release;
		};
		ECAD81E72983B57B00BE3103 /* Build configuration list for PBXNativeTarget "SimpleWeather" */ = {
			isa = XCConfigurationList;
			buildConfigurations = (
				ECAD81E82983B57B00BE3103 /* Debug */,
				ECAD81E92983B57B00BE3103 /* Release */,
			);
			defaultConfigurationIsVisible = 0;
			defaultConfigurationName = Release;
		};
		ECAD81EA2983B57B00BE3103 /* Build configuration list for PBXNativeTarget "SimpleWeatherTests" */ = {
			isa = XCConfigurationList;
			buildConfigurations = (
				ECAD81EB2983B57B00BE3103 /* Debug */,
				ECAD81EC2983B57B00BE3103 /* Release */,
			);
			defaultConfigurationIsVisible = 0;
			defaultConfigurationName = Release;
		};
		ECAD81ED2983B57B00BE3103 /* Build configuration list for PBXNativeTarget "SimpleWeatherUITests" */ = {
			isa = XCConfigurationList;
			buildConfigurations = (
				ECAD81EE2983B57B00BE3103 /* Debug */,
				ECAD81EF2983B57B00BE3103 /* Release */,
			);
			defaultConfigurationIsVisible = 0;
			defaultConfigurationName = Release;
		};
/* End XCConfigurationList section */
	};
	rootObject = ECAD81B52983B57900BE3103 /* Project object */;
}
